
Microsoft Visual Studio Solution File, Format Version 11.00
# Visual Studio 2010
Project("{FAE04EC0-301F-11D3-BF4B-00C04F79EFBC}") = "Assembly-CSharp", "Assembly-CSharp.csproj", "{C5E3195D-40AF-7FFA-3583-8F0CA48AF919}"
EndProject
Project("{FAE04EC0-301F-11D3-BF4B-00C04F79EFBC}") = "Unity.2D.Tilemap.Extras", "Unity.2D.Tilemap.Extras.csproj", "{983113CB-7665-9B6D-7ACD-75269F3B7C6C}"
EndProject
Project("{FAE04EC0-301F-11D3-BF4B-00C04F79EFBC}") = "Unity.2D.Tilemap.Extras.Editor", "Unity.2D.Tilemap.Extras.Editor.csproj", "{DB98B7EF-4387-6307-20DF-A5344716AA8E}"
EndProject
Project("{FAE04EC0-301F-11D3-BF4B-00C04F79EFBC}") = "Unity.2D.Tilemap.Extras.Placeholder.EditorTests", "Unity.2D.Tilemap.Extras.Placeholder.EditorTests.csproj", "{BC44D736-78E5-9858-63F2-E1B58B343FD4}"
EndProject
Global
	GlobalSection(SolutionConfigurationPlatforms) = preSolution
		Debug|Any CPU = Debug|Any CPU
		Release|Any CPU = Release|Any CPU
	EndGlobalSection
	GlobalSection(ProjectConfigurationPlatforms) = postSolution
		{C5E3195D-40AF-7FFA-3583-8F0CA48AF919}.Debug|Any CPU.ActiveCfg = Debug|Any CPU
		{C5E3195D-40AF-7FFA-3583-8F0CA48AF919}.Debug|Any CPU.Build.0 = Debug|Any CPU
		{C5E3195D-40AF-7FFA-3583-8F0CA48AF919}.Release|Any CPU.ActiveCfg = Release|Any CPU
		{C5E3195D-40AF-7FFA-3583-8F0CA48AF919}.Release|Any CPU.Build.0 = Release|Any CPU
		{983113CB-7665-9B6D-7ACD-75269F3B7C6C}.Debug|Any CPU.ActiveCfg = Debug|Any CPU
		{983113CB-7665-9B6D-7ACD-75269F3B7C6C}.Debug|Any CPU.Build.0 = Debug|Any CPU
		{983113CB-7665-9B6D-7ACD-75269F3B7C6C}.Release|Any CPU.ActiveCfg = Release|Any CPU
		{983113CB-7665-9B6D-7ACD-75269F3B7C6C}.Release|Any CPU.Build.0 = Release|Any CPU
		{DB98B7EF-4387-6307-20DF-A5344716AA8E}.Debug|Any CPU.ActiveCfg = Debug|Any CPU
		{DB98B7EF-4387-6307-20DF-A5344716AA8E}.Debug|Any CPU.Build.0 = Debug|Any CPU
		{DB98B7EF-4387-6307-20DF-A5344716AA8E}.Release|Any CPU.ActiveCfg = Release|Any CPU
		{DB98B7EF-4387-6307-20DF-A5344716AA8E}.Release|Any CPU.Build.0 = Release|Any CPU
		{BC44D736-78E5-9858-63F2-E1B58B343FD4}.Debug|Any CPU.ActiveCfg = Debug|Any CPU
		{BC44D736-78E5-9858-63F2-E1B58B343FD4}.Debug|Any CPU.Build.0 = Debug|Any CPU
		{BC44D736-78E5-9858-63F2-E1B58B343FD4}.Release|Any CPU.ActiveCfg = Release|Any CPU
		{BC44D736-78E5-9858-63F2-E1B58B343FD4}.Release|Any CPU.Build.0 = Release|Any CPU
	EndGlobalSection
	GlobalSection(SolutionProperties) = preSolution
		HideSolutionNode = FALSE
	EndGlobalSection
EndGlobal
